<?xml version="1.0" encoding="utf-8"?>
<Project ToolsVersion="4.0" xmlns="http://schemas.microsoft.com/developer/msbuild/2003">
  <ItemGroup>
    <Filter Include="src">
      <UniqueIdentifier>{d972c416-0ef4-43b4-8a12-c267afcfb2b6}</UniqueIdentifier>
    </Filter>
    <Filter Include="src\test">
      <UniqueIdentifier>{529bacbd-ca5b-4bc7-8116-bf85e594c9fc}</UniqueIdentifier>
    </Filter>
    <Filter Include="src\classes">
      <UniqueIdentifier>{9f5ba12a-bc2f-45d8-9730-8bbee2670497}</UniqueIdentifier>
    </Filter>
    <Filter Include="src\pb">
      <UniqueIdentifier>{fdb7f670-f031-4c20-8de4-164832a27243}</UniqueIdentifier>
    </Filter>
  </ItemGroup>
  <ItemGroup>
    <ClCompile Include="main.cpp">
      <Filter>src</Filter>
    </ClCompile>
    <ClCompile Include="test_vector.cpp">
      <Filter>src\test</Filter>
    </ClCompile>
    <ClCompile Include="test_class_stream.cpp">
      <Filter>src\test</Filter>
    </ClCompile>
    <ClCompile Include="test_list.cpp">
      <Filter>src\test</Filter>
    </ClCompile>
    <ClCompile Include="test_map.cpp">
      <Filter>src\test</Filter>
    </ClCompile>
    <ClCompile Include="test_class_construct.cpp">
      <Filter>src\test</Filter>
    </ClCompile>
    <ClCompile Include="test_class_singleton.cpp">
      <Filter>src\test</Filter>
    </ClCompile>
    <ClCompile Include="stdafx.cpp">
      <Filter>src</Filter>
    </ClCompile>
    <ClCompile Include="test_protobuf.cpp">
      <Filter>src\test</Filter>
    </ClCompile>
    <ClCompile Include="echo_service.pb.cc">
      <Filter>src\pb</Filter>
    </ClCompile>
  </ItemGroup>
  <ItemGroup>
    <ClInclude Include="common.h">
      <Filter>src</Filter>
    </ClInclude>
    <ClInclude Include="class_stream.h">
      <Filter>src\classes</Filter>
    </ClInclude>
    <ClInclude Include="class_construct.h">
      <Filter>src\classes</Filter>
    </ClInclude>
    <ClInclude Include="stdafx.h">
      <Filter>src</Filter>
    </ClInclude>
    <ClInclude Include="class_singleton.h">
      <Filter>src\classes</Filter>
    </ClInclude>
    <ClInclude Include="echo_service.pb.h">
      <Filter>src\pb</Filter>
    </ClInclude>
  </ItemGroup>
</Project>