<?xml version="1.0" encoding="utf-8"?>
<Project ToolsVersion="4.0" xmlns="http://schemas.microsoft.com/developer/msbuild/2003">
  <ItemGroup>
    <Filter Include="src">
      <UniqueIdentifier>{eb34f2cf-038f-4a0a-8594-01f5aeb271fb}</UniqueIdentifier>
    </Filter>
  </ItemGroup>
  <ItemGroup>
    <ClCompile Include="weconsole.cpp">
      <Filter>src</Filter>
    </ClCompile>
  </ItemGroup>
</Project>